
Microsoft Visual Studio Solution File, Format Version 12.00
# Visual Studio 15
VisualStudioVersion = 15.0.27428.2015
MinimumVisualStudioVersion = 10.0.40219.1
Project("{FAE04EC0-301F-11D3-BF4B-00C04F79EFBC}") = "GoogleMapsClient.NETStandard", "GoogleMapsClient.NETStandard\GoogleMapsClient.NETStandard.csproj", "{DB8CE6EE-7E81-49A0-B157-D4E42C0BA723}"
EndProject
Global
	GlobalSection(SolutionConfigurationPlatforms) = preSolution
		Debug|Any CPU = Debug|Any CPU
		Release|Any CPU = Release|Any CPU
	EndGlobalSection
	GlobalSection(ProjectConfigurationPlatforms) = postSolution
		{DB8CE6EE-7E81-49A0-B157-D4E42C0BA723}.Debug|Any CPU.ActiveCfg = Debug|Any CPU
		{DB8CE6EE-7E81-49A0-B157-D4E42C0BA723}.Debug|Any CPU.Build.0 = Debug|Any CPU
		{DB8CE6EE-7E81-49A0-B157-D4E42C0BA723}.Release|Any CPU.ActiveCfg = Release|Any CPU
		{DB8CE6EE-7E81-49A0-B157-D4E42C0BA723}.Release|Any CPU.Build.0 = Release|Any CPU
	EndGlobalSection
	GlobalSection(SolutionProperties) = preSolution
		HideSolutionNode = FALSE
	EndGlobalSection
	GlobalSection(ExtensibilityGlobals) = postSolution
		SolutionGuid = {8B722E1F-3821-41CC-B89D-F92DC4B2CAAD}
	EndGlobalSection
EndGlobal
